
Microsoft Visual Studio Solution File, Format Version 12.00
# Visual Studio Version 17
VisualStudioVersion = 17.5.33516.290
MinimumVisualStudioVersion = 10.0.40219.1
Project("{FAE04EC0-301F-11D3-BF4B-00C04F79EFBC}") = "MainApp", "MainApp\MainApp.csproj", "{2ABB5883-B235-47C3-9A5D-65D76F3492AB}"
EndProject
Project("{FAE04EC0-301F-11D3-BF4B-00C04F79EFBC}") = "UC7Tests", "UC7Tests\UC7Tests.csproj", "{4C6E062B-8F76-48BE-93DE-8C399099C080}"
EndProject
Global
	GlobalSection(SolutionConfigurationPlatforms) = preSolution
		Debug|Any CPU = Debug|Any CPU
		Release|Any CPU = Release|Any CPU
	EndGlobalSection
	GlobalSection(ProjectConfigurationPlatforms) = postSolution
		{2ABB5883-B235-47C3-9A5D-65D76F3492AB}.Debug|Any CPU.ActiveCfg = Debug|Any CPU
		{2ABB5883-B235-47C3-9A5D-65D76F3492AB}.Debug|Any CPU.Build.0 = Debug|Any CPU
		{2ABB5883-B235-47C3-9A5D-65D76F3492AB}.Release|Any CPU.ActiveCfg = Release|Any CPU
		{2ABB5883-B235-47C3-9A5D-65D76F3492AB}.Release|Any CPU.Build.0 = Release|Any CPU
		{4C6E062B-8F76-48BE-93DE-8C399099C080}.Debug|Any CPU.ActiveCfg = Debug|Any CPU
		{4C6E062B-8F76-48BE-93DE-8C399099C080}.Debug|Any CPU.Build.0 = Debug|Any CPU
		{4C6E062B-8F76-48BE-93DE-8C399099C080}.Release|Any CPU.ActiveCfg = Release|Any CPU
		{4C6E062B-8F76-48BE-93DE-8C399099C080}.Release|Any CPU.Build.0 = Release|Any CPU
	EndGlobalSection
	GlobalSection(SolutionProperties) = preSolution
		HideSolutionNode = FALSE
	EndGlobalSection
	GlobalSection(ExtensibilityGlobals) = postSolution
		SolutionGuid = {A9D5E177-5EE4-4010-91C3-72A6048B2F47}
	EndGlobalSection
EndGlobal
